
Microsoft Visual Studio Solution File, Format Version 12.00
# Visual Studio Version 17
VisualStudioVersion = 17.1.32328.378
MinimumVisualStudioVersion = 10.0.40219.1
Project("{2150E333-8FDC-42A3-9474-1A3956D46DE8}") = "Services", "Services", "{D7AC87CC-883D-48B8-9FB8-8BE53FB1E749}"
EndProject
Project("{2150E333-8FDC-42A3-9474-1A3956D46DE8}") = "Catalog", "Catalog", "{85C8988C-5461-4967-9081-E04E34DCE421}"
EndProject
Global
	GlobalSection(SolutionProperties) = preSolution
		HideSolutionNode = FALSE
	EndGlobalSection
	GlobalSection(NestedProjects) = preSolution
		{85C8988C-5461-4967-9081-E04E34DCE421} = {D7AC87CC-883D-48B8-9FB8-8BE53FB1E749}
	EndGlobalSection
	GlobalSection(ExtensibilityGlobals) = postSolution
		SolutionGuid = {5E2A5A41-5555-4873-B5D5-D6526E6D6140}
	EndGlobalSection
EndGlobal
